
Microsoft Visual Studio Solution File, Format Version 12.00
# Visual Studio Version 17
VisualStudioVersion = 17.14.37111.16 d17.14
MinimumVisualStudioVersion = 10.0.40219.1
Project("{FAE04EC0-301F-11D3-BF4B-00C04F79EFBC}") = "Circulacion-Barracas", "Circulacion-Barracas.csproj", "{B74F6AE5-B639-45C8-A057-EA2C4D3A3A6B}"
EndProject
Global
	GlobalSection(SolutionConfigurationPlatforms) = preSolution
		Debug|Any CPU = Debug|Any CPU
		Release|Any CPU = Release|Any CPU
	EndGlobalSection
	GlobalSection(ProjectConfigurationPlatforms) = postSolution
		{B74F6AE5-B639-45C8-A057-EA2C4D3A3A6B}.Debug|Any CPU.ActiveCfg = Debug|Any CPU
		{B74F6AE5-B639-45C8-A057-EA2C4D3A3A6B}.Debug|Any CPU.Build.0 = Debug|Any CPU
		{B74F6AE5-B639-45C8-A057-EA2C4D3A3A6B}.Release|Any CPU.ActiveCfg = Release|Any CPU
		{B74F6AE5-B639-45C8-A057-EA2C4D3A3A6B}.Release|Any CPU.Build.0 = Release|Any CPU
	EndGlobalSection
	GlobalSection(SolutionProperties) = preSolution
		HideSolutionNode = FALSE
	EndGlobalSection
	GlobalSection(ExtensibilityGlobals) = postSolution
		SolutionGuid = {6D550E1B-E5F3-4E18-B584-F07F0FC4BDE1}
	EndGlobalSection
EndGlobal
